github.com/hsfzxjy/go-srpc v0.3.0 h1:C3wa9ko4rfLyOCY8124gXW2z7i1t497qW8nCxCsolvk=
github.com/hsfzxjy/go-srpc v0.3.0/go.mod h1:Ryz8HRvqJ49qkPfgZEZ0p235LLKZlmM/8kJGiLIqLcE=
github.com/hsfzxjy/mamo v0.1.4 h1:NoP1XTILXCfkKdV4Ha9/0mouaMpzrDnqDQb6b84HTSE=
github.com/hsfzxjy/mamo v0.1.4/go.mod h1:vb7t86IjTkk91BAxJKpYH1knEUW88wtN1jvrTHTgD60=
